
Microsoft Visual Studio Solution File, Format Version 12.00
# Visual Studio Version 17
VisualStudioVersion = 17.11.35327.3
MinimumVisualStudioVersion = 10.0.40219.1
Project("{FAE04EC0-301F-11D3-BF4B-00C04F79EFBC}") = "NasaApiii", "NasaApiii\NasaApiii.csproj", "{E1A30EFD-9D39-4F1E-B022-8F0BA5FC09BC}"
EndProject
Global
	GlobalSection(SolutionConfigurationPlatforms) = preSolution
		Debug|Any CPU = Debug|Any CPU
		Release|Any CPU = Release|Any CPU
	EndGlobalSection
	GlobalSection(ProjectConfigurationPlatforms) = postSolution
		{E1A30EFD-9D39-4F1E-B022-8F0BA5FC09BC}.Debug|Any CPU.ActiveCfg = Debug|Any CPU
		{E1A30EFD-9D39-4F1E-B022-8F0BA5FC09BC}.Debug|Any CPU.Build.0 = Debug|Any CPU
		{E1A30EFD-9D39-4F1E-B022-8F0BA5FC09BC}.Release|Any CPU.ActiveCfg = Release|Any CPU
		{E1A30EFD-9D39-4F1E-B022-8F0BA5FC09BC}.Release|Any CPU.Build.0 = Release|Any CPU
	EndGlobalSection
	GlobalSection(SolutionProperties) = preSolution
		HideSolutionNode = FALSE
	EndGlobalSection
	GlobalSection(ExtensibilityGlobals) = postSolution
		SolutionGuid = {80645A4F-BD1E-4264-9712-309B970C4D1B}
	EndGlobalSection
EndGlobal
